
Microsoft Visual Studio Solution File, Format Version 12.00
# Visual Studio Version 16
VisualStudioVersion = 16.0.30204.135
MinimumVisualStudioVersion = 10.0.40219.1
Project("{9A19103F-16F7-4668-BE54-9A1E7A4F7556}") = "WebStore", "WebStore\WebStore.csproj", "{CD2337FB-33AD-44D8-8CF7-726270AE0229}"
EndProject
Project("{9A19103F-16F7-4668-BE54-9A1E7A4F7556}") = "WebStore.Domain", "WebStore.Domain\WebStore.Domain.csproj", "{3BF0C13C-046E-4016-A2B4-659B2761E117}"
EndProject
Project("{FAE04EC0-301F-11D3-BF4B-00C04F79EFBC}") = "WebStore.DAL", "WebStore.DAL\WebStore.DAL.csproj", "{5B5CF102-1A66-4BA1-9803-86621E740422}"
EndProject
Project("{2150E333-8FDC-42A3-9474-1A3956D46DE8}") = "Services", "Services", "{B1905471-DF22-4CA7-B027-4B88739A379D}"
EndProject
Project("{2150E333-8FDC-42A3-9474-1A3956D46DE8}") = "Common", "Common", "{F8AA849A-9138-4547-B48B-A23D01C3AFDC}"
EndProject
Project("{2150E333-8FDC-42A3-9474-1A3956D46DE8}") = "UI", "UI", "{0B180A32-6789-4C4D-A79A-AA06D177DF65}"
EndProject
Project("{FAE04EC0-301F-11D3-BF4B-00C04F79EFBC}") = "WebStore.ServicesHosting", "WebStore.ServicesHosting\WebStore.ServicesHosting.csproj", "{6C64F03C-9315-4A57-A2AC-91D0747EA73E}"
EndProject
Project("{FAE04EC0-301F-11D3-BF4B-00C04F79EFBC}") = "WebStore.Interfaces", "WebStore.Interfaces\WebStore.Interfaces.csproj", "{30B1FD71-A6AC-4D51-80FE-27F054E9C08A}"
EndProject
Project("{FAE04EC0-301F-11D3-BF4B-00C04F79EFBC}") = "WebStore.Services", "WebStore.Services\WebStore.Services.csproj", "{CBDCCB3A-B98F-444A-9862-B4CFB3B7D5D4}"
EndProject
Project("{FAE04EC0-301F-11D3-BF4B-00C04F79EFBC}") = "WebStore.Clients", "WebStore.Clients\WebStore.Clients.csproj", "{B9F1AE40-C2ED-42B0-80C0-CCFE844266A5}"
EndProject
Project("{FAE04EC0-301F-11D3-BF4B-00C04F79EFBC}") = "WebStore.Logger", "WebStore.Logger\WebStore.Logger.csproj", "{FE7031BC-ABFB-4ACF-8B0E-D3F87668D584}"
EndProject
Project("{2150E333-8FDC-42A3-9474-1A3956D46DE8}") = "Tests", "Tests", "{AAB4BB02-AFF2-4C63-A05F-3A6B7E401A2D}"
EndProject
Project("{FAE04EC0-301F-11D3-BF4B-00C04F79EFBC}") = "WebStore.Tests", "WebStore.Tests\WebStore.Tests.csproj", "{DFCAA02D-FEF9-4969-978C-5FF6BEAC6B61}"
EndProject
Project("{FAE04EC0-301F-11D3-BF4B-00C04F79EFBC}") = "WebStore.Services.Tests", "WebStore.Services.Tests\WebStore.Services.Tests.csproj", "{AF18E58A-9B01-4917-A5EC-0BF5E9CCE9BA}"
EndProject
Global
	GlobalSection(SolutionConfigurationPlatforms) = preSolution
		Debug|Any CPU = Debug|Any CPU
		Release|Any CPU = Release|Any CPU
	EndGlobalSection
	GlobalSection(ProjectConfigurationPlatforms) = postSolution
		{CD2337FB-33AD-44D8-8CF7-726270AE0229}.Debug|Any CPU.ActiveCfg = Debug|Any CPU
		{CD2337FB-33AD-44D8-8CF7-726270AE0229}.Debug|Any CPU.Build.0 = Debug|Any CPU
		{CD2337FB-33AD-44D8-8CF7-726270AE0229}.Release|Any CPU.ActiveCfg = Release|Any CPU
		{CD2337FB-33AD-44D8-8CF7-726270AE0229}.Release|Any CPU.Build.0 = Release|Any CPU
		{3BF0C13C-046E-4016-A2B4-659B2761E117}.Debug|Any CPU.ActiveCfg = Debug|Any CPU
		{3BF0C13C-046E-4016-A2B4-659B2761E117}.Debug|Any CPU.Build.0 = Debug|Any CPU
		{3BF0C13C-046E-4016-A2B4-659B2761E117}.Release|Any CPU.ActiveCfg = Release|Any CPU
		{3BF0C13C-046E-4016-A2B4-659B2761E117}.Release|Any CPU.Build.0 = Release|Any CPU
		{5B5CF102-1A66-4BA1-9803-86621E740422}.Debug|Any CPU.ActiveCfg = Debug|Any CPU
		{5B5CF102-1A66-4BA1-9803-86621E740422}.Debug|Any CPU.Build.0 = Debug|Any CPU
		{5B5CF102-1A66-4BA1-9803-86621E740422}.Release|Any CPU.ActiveCfg = Release|Any CPU
		{5B5CF102-1A66-4BA1-9803-86621E740422}.Release|Any CPU.Build.0 = Release|Any CPU
		{6C64F03C-9315-4A57-A2AC-91D0747EA73E}.Debug|Any CPU.ActiveCfg = Debug|Any CPU
		{6C64F03C-9315-4A57-A2AC-91D0747EA73E}.Debug|Any CPU.Build.0 = Debug|Any CPU
		{6C64F03C-9315-4A57-A2AC-91D0747EA73E}.Release|Any CPU.ActiveCfg = Release|Any CPU
		{6C64F03C-9315-4A57-A2AC-91D0747EA73E}.Release|Any CPU.Build.0 = Release|Any CPU
		{30B1FD71-A6AC-4D51-80FE-27F054E9C08A}.Debug|Any CPU.ActiveCfg = Debug|Any CPU
		{30B1FD71-A6AC-4D51-80FE-27F054E9C08A}.Debug|Any CPU.Build.0 = Debug|Any CPU
		{30B1FD71-A6AC-4D51-80FE-27F054E9C08A}.Release|Any CPU.ActiveCfg = Release|Any CPU
		{30B1FD71-A6AC-4D51-80FE-27F054E9C08A}.Release|Any CPU.Build.0 = Release|Any CPU
		{CBDCCB3A-B98F-444A-9862-B4CFB3B7D5D4}.Debug|Any CPU.ActiveCfg = Debug|Any CPU
		{CBDCCB3A-B98F-444A-9862-B4CFB3B7D5D4}.Debug|Any CPU.Build.0 = Debug|Any CPU
		{CBDCCB3A-B98F-444A-9862-B4CFB3B7D5D4}.Release|Any CPU.ActiveCfg = Release|Any CPU
		{CBDCCB3A-B98F-444A-9862-B4CFB3B7D5D4}.Release|Any CPU.Build.0 = Release|Any CPU
		{B9F1AE40-C2ED-42B0-80C0-CCFE844266A5}.Debug|Any CPU.ActiveCfg = Debug|Any CPU
		{B9F1AE40-C2ED-42B0-80C0-CCFE844266A5}.Debug|Any CPU.Build.0 = Debug|Any CPU
		{B9F1AE40-C2ED-42B0-80C0-CCFE844266A5}.Release|Any CPU.ActiveCfg = Release|Any CPU
		{B9F1AE40-C2ED-42B0-80C0-CCFE844266A5}.Release|Any CPU.Build.0 = Release|Any CPU
		{FE7031BC-ABFB-4ACF-8B0E-D3F87668D584}.Debug|Any CPU.ActiveCfg = Debug|Any CPU
		{FE7031BC-ABFB-4ACF-8B0E-D3F87668D584}.Debug|Any CPU.Build.0 = Debug|Any CPU
		{FE7031BC-ABFB-4ACF-8B0E-D3F87668D584}.Release|Any CPU.ActiveCfg = Release|Any CPU
		{FE7031BC-ABFB-4ACF-8B0E-D3F87668D584}.Release|Any CPU.Build.0 = Release|Any CPU
		{DFCAA02D-FEF9-4969-978C-5FF6BEAC6B61}.Debug|Any CPU.ActiveCfg = Debug|Any CPU
		{DFCAA02D-FEF9-4969-978C-5FF6BEAC6B61}.Debug|Any CPU.Build.0 = Debug|Any CPU
		{DFCAA02D-FEF9-4969-978C-5FF6BEAC6B61}.Release|Any CPU.ActiveCfg = Release|Any CPU
		{DFCAA02D-FEF9-4969-978C-5FF6BEAC6B61}.Release|Any CPU.Build.0 = Release|Any CPU
		{AF18E58A-9B01-4917-A5EC-0BF5E9CCE9BA}.Debug|Any CPU.ActiveCfg = Debug|Any CPU
		{AF18E58A-9B01-4917-A5EC-0BF5E9CCE9BA}.Debug|Any CPU.Build.0 = Debug|Any CPU
		{AF18E58A-9B01-4917-A5EC-0BF5E9CCE9BA}.Release|Any CPU.ActiveCfg = Release|Any CPU
		{AF18E58A-9B01-4917-A5EC-0BF5E9CCE9BA}.Release|Any CPU.Build.0 = Release|Any CPU
	EndGlobalSection
	GlobalSection(SolutionProperties) = preSolution
		HideSolutionNode = FALSE
	EndGlobalSection
	GlobalSection(ExtensibilityGlobals) = postSolution
		SolutionGuid = {D180A988-D89A-45B3-81F7-DF7163BABFE3}
	EndGlobalSection
	GlobalSection(NestedProjects) = preSolution
		{CD2337FB-33AD-44D8-8CF7-726270AE0229} = {0B180A32-6789-4C4D-A79A-AA06D177DF65}
		{5B5CF102-1A66-4BA1-9803-86621E740422} = {B1905471-DF22-4CA7-B027-4B88739A379D}
		{3BF0C13C-046E-4016-A2B4-659B2761E117} = {F8AA849A-9138-4547-B48B-A23D01C3AFDC}
		{6C64F03C-9315-4A57-A2AC-91D0747EA73E} = {B1905471-DF22-4CA7-B027-4B88739A379D}
		{30B1FD71-A6AC-4D51-80FE-27F054E9C08A} = {B1905471-DF22-4CA7-B027-4B88739A379D}
		{CBDCCB3A-B98F-444A-9862-B4CFB3B7D5D4} = {B1905471-DF22-4CA7-B027-4B88739A379D}
		{B9F1AE40-C2ED-42B0-80C0-CCFE844266A5} = {B1905471-DF22-4CA7-B027-4B88739A379D}
		{FE7031BC-ABFB-4ACF-8B0E-D3F87668D584} = {B1905471-DF22-4CA7-B027-4B88739A379D}
		{DFCAA02D-FEF9-4969-978C-5FF6BEAC6B61} = {AAB4BB02-AFF2-4C63-A05F-3A6B7E401A2D}
		{AF18E58A-9B01-4917-A5EC-0BF5E9CCE9BA} = {AAB4BB02-AFF2-4C63-A05F-3A6B7E401A2D}
	EndGlobalSection
EndGlobal
